
Microsoft Visual Studio Solution File, Format Version 12.00
# Visual Studio 15
Project("{FAE04EC0-301F-11D3-BF4B-00C04F79EFBC}") = "UnityGameFramework.Runtime", "UnityGameFramework.Runtime.csproj", "{1E1E8796-D383-F21C-4EFA-04AE59E2182A}"
EndProject
Project("{FAE04EC0-301F-11D3-BF4B-00C04F79EFBC}") = "Assembly-CSharp", "Assembly-CSharp.csproj", "{3A51792B-75C9-5E8F-0208-CE7AABF49548}"
EndProject
Project("{FAE04EC0-301F-11D3-BF4B-00C04F79EFBC}") = "UnityGameFramework.Editor", "UnityGameFramework.Editor.csproj", "{7CC6EA9C-6FEB-A369-790C-1618313A870E}"
EndProject
Project("{FAE04EC0-301F-11D3-BF4B-00C04F79EFBC}") = "Assembly-CSharp-Editor", "Assembly-CSharp-Editor.csproj", "{D16DC11E-D1A5-BDF8-72D7-5B7AFCADF7CC}"
EndProject
Global
	GlobalSection(SolutionConfigurationPlatforms) = preSolution
		Debug|Any CPU = Debug|Any CPU
		Release|Any CPU = Release|Any CPU
	EndGlobalSection
	GlobalSection(ProjectConfigurationPlatforms) = postSolution
		{1E1E8796-D383-F21C-4EFA-04AE59E2182A}.Debug|Any CPU.ActiveCfg = Debug|Any CPU
		{1E1E8796-D383-F21C-4EFA-04AE59E2182A}.Debug|Any CPU.Build.0 = Debug|Any CPU
		{1E1E8796-D383-F21C-4EFA-04AE59E2182A}.Release|Any CPU.ActiveCfg = Release|Any CPU
		{1E1E8796-D383-F21C-4EFA-04AE59E2182A}.Release|Any CPU.Build.0 = Release|Any CPU
		{3A51792B-75C9-5E8F-0208-CE7AABF49548}.Debug|Any CPU.ActiveCfg = Debug|Any CPU
		{3A51792B-75C9-5E8F-0208-CE7AABF49548}.Debug|Any CPU.Build.0 = Debug|Any CPU
		{3A51792B-75C9-5E8F-0208-CE7AABF49548}.Release|Any CPU.ActiveCfg = Release|Any CPU
		{3A51792B-75C9-5E8F-0208-CE7AABF49548}.Release|Any CPU.Build.0 = Release|Any CPU
		{7CC6EA9C-6FEB-A369-790C-1618313A870E}.Debug|Any CPU.ActiveCfg = Debug|Any CPU
		{7CC6EA9C-6FEB-A369-790C-1618313A870E}.Debug|Any CPU.Build.0 = Debug|Any CPU
		{7CC6EA9C-6FEB-A369-790C-1618313A870E}.Release|Any CPU.ActiveCfg = Release|Any CPU
		{7CC6EA9C-6FEB-A369-790C-1618313A870E}.Release|Any CPU.Build.0 = Release|Any CPU
		{D16DC11E-D1A5-BDF8-72D7-5B7AFCADF7CC}.Debug|Any CPU.ActiveCfg = Debug|Any CPU
		{D16DC11E-D1A5-BDF8-72D7-5B7AFCADF7CC}.Debug|Any CPU.Build.0 = Debug|Any CPU
		{D16DC11E-D1A5-BDF8-72D7-5B7AFCADF7CC}.Release|Any CPU.ActiveCfg = Release|Any CPU
		{D16DC11E-D1A5-BDF8-72D7-5B7AFCADF7CC}.Release|Any CPU.Build.0 = Release|Any CPU
	EndGlobalSection
	GlobalSection(SolutionProperties) = preSolution
		HideSolutionNode = FALSE
	EndGlobalSection
EndGlobal
