
Microsoft Visual Studio Solution File, Format Version 12.00
# Visual Studio 2017
Project("{FAE04EC0-301F-11D3-BF4B-00C04F79EFBC}") = "UnityChanTest", "UnityChanTest.csproj", "{B23875F6-DA10-6BC0-C808-A70D2EFE7B51}"
EndProject
Project("{FAE04EC0-301F-11D3-BF4B-00C04F79EFBC}") = "UnityChanTest.Editor", "UnityChanTest.Editor.csproj", "{FB493668-BF3D-D7E2-366A-B4BDE52A8015}"
EndProject
Global
	GlobalSection(SolutionConfigurationPlatforms) = preSolution
		Debug|Any CPU = Debug|Any CPU
		Release|Any CPU = Release|Any CPU
	EndGlobalSection
	GlobalSection(ProjectConfigurationPlatforms) = postSolution
		{B23875F6-DA10-6BC0-C808-A70D2EFE7B51}.Debug|Any CPU.ActiveCfg = Debug|Any CPU
		{B23875F6-DA10-6BC0-C808-A70D2EFE7B51}.Debug|Any CPU.Build.0 = Debug|Any CPU
		{B23875F6-DA10-6BC0-C808-A70D2EFE7B51}.Release|Any CPU.ActiveCfg = Release|Any CPU
		{B23875F6-DA10-6BC0-C808-A70D2EFE7B51}.Release|Any CPU.Build.0 = Release|Any CPU
		{FB493668-BF3D-D7E2-366A-B4BDE52A8015}.Debug|Any CPU.ActiveCfg = Debug|Any CPU
		{FB493668-BF3D-D7E2-366A-B4BDE52A8015}.Debug|Any CPU.Build.0 = Debug|Any CPU
		{FB493668-BF3D-D7E2-366A-B4BDE52A8015}.Release|Any CPU.ActiveCfg = Release|Any CPU
		{FB493668-BF3D-D7E2-366A-B4BDE52A8015}.Release|Any CPU.Build.0 = Release|Any CPU
	EndGlobalSection
	GlobalSection(SolutionProperties) = preSolution
		HideSolutionNode = FALSE
	EndGlobalSection
EndGlobal
